
Microsoft Visual Studio Solution File, Format Version 11.00
# Visual Basic Express 2010
Project("{F184B08F-C81C-45F6-A57F-5ABD9991F28F}") = "WordWrap", "WordWrap\WordWrap.vbproj", "{CB5B8170-A4EA-4C6E-A09E-4089F5756E8A}"
EndProject
Global
	GlobalSection(SolutionConfigurationPlatforms) = preSolution
		Debug|x86 = Debug|x86
		Release|x86 = Release|x86
	EndGlobalSection
	GlobalSection(ProjectConfigurationPlatforms) = postSolution
		{CB5B8170-A4EA-4C6E-A09E-4089F5756E8A}.Debug|x86.ActiveCfg = Debug|x86
		{CB5B8170-A4EA-4C6E-A09E-4089F5756E8A}.Debug|x86.Build.0 = Debug|x86
		{CB5B8170-A4EA-4C6E-A09E-4089F5756E8A}.Release|x86.ActiveCfg = Release|x86
		{CB5B8170-A4EA-4C6E-A09E-4089F5756E8A}.Release|x86.Build.0 = Release|x86
	EndGlobalSection
	GlobalSection(SolutionProperties) = preSolution
		HideSolutionNode = FALSE
	EndGlobalSection
EndGlobal
